{
    "_meta": {
        "hash": {
            "sha256": "9152d6d7bed92d3b836be7d30b1e9a94707e5c6e760a16954e3e228186c2c3d6"
        },
        "pipfile-spec": 6,
        "requires": {
            "python_version": "3.6"
        },
        "sources": [
            {
                "name": "pypi",
                "url": "https://pypi.org/simple",
                "verify_ssl": true
            },
            {
                "name": "udev",
                "url": "http://14.23.114.74:38883/pypi/simple/",
                "verify_ssl": false
            }
        ]
    },
    "default": {
        "certifi": {
            "hashes": [
                "sha256:046832c04d4e752f37383b628bc601a7ea7211496b4638f6514d0e5b9acc4939",
                "sha256:945e3ba63a0b9f577b1395204e13c3a231f9bc0223888be653286534e5873695"
            ],
            "version": "==2019.6.16"
        },
        "chardet": {
            "hashes": [
                "sha256:84ab92ed1c4d4f16916e05906b6b75a6c0fb5db821cc65e70cbd64a3e2a5eaae",
                "sha256:fc323ffcaeaed0e0a02bf4d117757b98aed530d9ed4531e3e15460124c106691"
            ],
            "version": "==3.0.4"
        },
        "dataclasses": {
            "hashes": [
                "sha256:454a69d788c7fda44efd71e259be79577822f5e3f53f029a22d08004e951dc9f",
                "sha256:6988bd2b895eef432d562370bb707d540f32f7360ab13da45340101bc2307d84"
            ],
            "version": "==0.6"
        },
        "django": {
            "hashes": [
                "sha256:04f2e423f2e60943c02bd2959174b844f7d1bcd19eabb7f8e4282999958021fd",
                "sha256:e1cc1cd6b658aa4e052f5f2b148bfda08091d7c3558529708342e37e4e33f72c"
            ],
            "index": "pypi",
            "version": "==2.1.1"
        },
        "django-mama-cas": {
            "hashes": [
                "sha256:4c284773c2f66030a6d391e7a092ac2014652155d05f411c4d9a2233e5902b3c",
                "sha256:b7c8c8cff1ff82bca71518272a8ca6e87a6866737351558e056163d4ca1f7a97"
            ],
            "index": "pypi",
            "version": "==2.4.0"
        },
        "djongo": {
            "hashes": [
                "sha256:4accec6327e3334f37eca34c403b658f0ada97b3d33af6c25432d48816578a7c",
                "sha256:b61191ec0754eb9bb89dd5045e58aab1ba592994ea89aa024d4b4046fc93ee3f"
            ],
            "index": "pypi",
            "version": "==1.2.30"
        },
        "idna": {
            "hashes": [
                "sha256:c357b3f628cf53ae2c4c05627ecc484553142ca23264e593d327bcde5e9c3407",
                "sha256:ea8b7f6188e6fa117537c3df7da9fc686d485087abf6ac197f9c46432f7e4a3c"
            ],
            "version": "==2.8"
        },
        "motor": {
            "hashes": [
                "sha256:462fbb824f4289481c158227a2579d6adaf1ec7c70cf7ebe60ed6ceb321e5869",
                "sha256:d035c09ab422bc50bf3efb134f7405694cae76268545bd21e14fb22e2638f84e"
            ],
            "version": "==2.0.0"
        },
        "pyjwt": {
            "hashes": [
                "sha256:5c6eca3c2940464d106b99ba83b00c6add741c9becaec087fb7ccdefea71350e",
                "sha256:8d59a976fb773f3e6a39c85636357c4f0e242707394cadadd9814f5cbaa20e96"
            ],
            "index": "pypi",
            "version": "==1.7.1"
        },
        "pymongo": {
            "hashes": [
                "sha256:32421df60d06f479d71b6b539642e410ece3006e8910688e68df962c8eb40a21",
                "sha256:324b22a8443e11faca44c96b20e7ec8a9e59a1e664457edeeb4f796080b31cde",
                "sha256:4505ff8b7923dd7a8bed1bf25c9c4d0df5ab0b8b2821f2296533f2149a55f401",
                "sha256:460b224681ea711e48e3638d15be2249024031b7dcb9622ba19c2e85bd5a26cc",
                "sha256:47473b70c5f3cd5ddd2c49ab3b9ceafdafbbed5bc963f147df22a9343d7978f5",
                "sha256:49375839af76834e9c5c3cc78c78386873fd0b2ad9a0860a7dc4ec9fe73af9dd",
                "sha256:4a65f0f71ece86c860d30a1436b646db8ea32aec518845ef2903ca569faec32e",
                "sha256:530621906c5dd6d27305b39c4e017701e5f4299aa68b93cde70eb985f94ca26f",
                "sha256:54f4770b5810e8dc3cbeed675874195f02bb2bc4e95a9d665068edfb3baff4f7",
                "sha256:5ed9382410e938b0ff76041c34018210504729a83bcf4f6a70c7092c28169f6f",
                "sha256:61cad83637ae12c1c825130d7f9325cd6c162e3a64e8747a8144866020be3ff4",
                "sha256:61e8e1c58b4fdf47ab79b7c7db8bb022c1e40b3b5fcbbaeea5fc94dc5c75638d",
                "sha256:6e04e496af7d156b66cce70460011c621ecbadf5dcdce325c7acbb3cd6ea245d",
                "sha256:7ef89ec435e89da902451dde6845066fe2770befaf0301fe2a1ac426b51fced3",
                "sha256:854e8425e5eb775ccfffad04ecd094c99923d60a2c2d49babb5c435e836a91fa",
                "sha256:9569796d48498e4db4e1d56284b626a8ed15f641ce3a8b2085f06bb03f4c2c88",
                "sha256:9d50c99c6388863cbfdc5db9bad62e3a7c2e5fc151554a07c7f3c2530334a34f",
                "sha256:9ea016c2c011df21f77c1f806ce45129a344ba2d414bd50f9e065b13a4a134be",
                "sha256:a8421f0823174888fb12a5fa675322e756499d71e77ff712b4412d4b8f3c6503",
                "sha256:aef7d88384ada699976350a285c7a333f96ebc959e98e7d2c98589f47bbf3b7f",
                "sha256:b4d7ff9957ee770cf03bd7156a68a2f2e838e60712d9608eadc8741c15d01e72",
                "sha256:c1db85c39e6a60588f855dbc7bd68fb0dab796096148ab5aa4abecaff19e1c6e",
                "sha256:cee2fc0b94e66e7230da12fc4b3d34793c49957e16ee04f6468a94e264a1e41d",
                "sha256:cf1dea28379a16b23e47db312883f07b3ba8d9d6abc1c59e51d4c8ae1820ab43",
                "sha256:d1cd175df7c8b5fc976bade78bf4d9fb5aa7ab465c0f59931e380bbe188ef8fc",
                "sha256:d48a94edf3cdd34524936a72ea01b352682b337f33a42db10ba29a96c37147d3",
                "sha256:d9cc103a4e97f78bc77a1d72759ab3722f6cdf0374ad4fb4b0c53bd3238bdf98",
                "sha256:fcb9ae8aa9158106c5d98a4349ec0d90b68f052d620b2d24622ba03b91e4d81d"
            ],
            "version": "==3.8.0"
        },
        "python-dateutil": {
            "hashes": [
                "sha256:7e6584c74aeed623791615e26efd690f29817a27c73085b78e4bad02493df2fb",
                "sha256:c89805f6f4d64db21ed966fda138f8a5ed7a4fdbc1a8ee329ce1b74e3c74da9e"
            ],
            "version": "==2.8.0"
        },
        "python-dotenv": {
            "hashes": [
                "sha256:debd928b49dbc2bf68040566f55cdb3252458036464806f4094487244e2a4093",
                "sha256:f157d71d5fec9d4bd5f51c82746b6344dffa680ee85217c123f4a0c8117c4544"
            ],
            "index": "pypi",
            "version": "==0.10.3"
        },
        "pytz": {
            "hashes": [
                "sha256:303879e36b721603cc54604edcac9d20401bdbe31e1e4fdee5b9f98d5d31dfda",
                "sha256:d747dd3d23d77ef44c6a3526e274af6efeb0a6f1afd5a69ba4d5be4098c8e141"
            ],
            "version": "==2019.1"
        },
        "requests": {
            "hashes": [
                "sha256:11e007a8a2aa0323f5a921e9e6a2d7e4e67d9877e85773fba9ba6419025cbeb4",
                "sha256:9cf5292fcd0f598c671cfc1e0d7d1a7f13bb8085e9a590f48c010551dc6c4b31"
            ],
            "version": "==2.22.0"
        },
        "six": {
            "hashes": [
                "sha256:3350809f0555b11f552448330d0b52d5f24c91a322ea4a15ef22629740f3761c",
                "sha256:d16a0141ec1a18405cd4ce8b4613101da75da0e9a7aec5bdd4fa804d0e0eba73"
            ],
            "version": "==1.12.0"
        },
        "sqlparse": {
            "hashes": [
                "sha256:40afe6b8d4b1117e7dff5504d7a8ce07d9a1b15aeeade8a2d10f130a834f8177",
                "sha256:7c3dca29c022744e95b547e867cee89f4fce4373f3549ccd8797d8eb52cdb873"
            ],
            "version": "==0.3.0"
        },
        "udev-db": {
            "hashes": [
                "sha256:4b81a91b07f911162eddebe4f1a9e30f650c1475ecfbf99be8ac58c55a452702"
            ],
            "index": "pypi",
            "version": "==1.1.2"
        },
        "udev-settings": {
            "hashes": [
                "sha256:58b6403b3a6b05217292342d39381861946fb87769e10fc2b97e8a6d919255f4"
            ],
            "index": "pypi",
            "version": "==1.0.1"
        },
        "urllib3": {
            "hashes": [
                "sha256:b246607a25ac80bedac05c6f282e3cdaf3afb65420fd024ac94435cabe6e18d1",
                "sha256:dbe59173209418ae49d485b87d1681aefa36252ee85884c31346debd19463232"
            ],
            "version": "==1.25.3"
        }
    },
    "develop": {}
}
